
Microsoft Visual Studio Solution File, Format Version 12.00
# Visual Studio Version 17
VisualStudioVersion = 17.9.34723.18
MinimumVisualStudioVersion = 10.0.40219.1
Project("{8BC9CEB8-8B4A-11D0-8D11-00A0C91BC942}") = "XmlTest", "XmlTest\XmlTest.vcxproj", "{D7360007-B358-4FCE-B1B8-CA7F77B70DFE}"
EndProject
Project("{8BC9CEB8-8B4A-11D0-8D11-00A0C91BC942}") = "Robot_Battle", "Robot_Battle\Robot_Battle.vcxproj", "{F74CB818-9CFB-45F2-97C5-48AD3C61B4CE}"
EndProject
Project("{8BC9CEB8-8B4A-11D0-8D11-00A0C91BC942}") = "Sample_VS2022", "EffekseerForDXLib\Sample\Sample\Sample_VS2022.vcxproj", "{35F2F15B-446C-45A8-B157-24E15BE8A7E7}"
EndProject
Project("{8BC9CEB8-8B4A-11D0-8D11-00A0C91BC942}") = "DxLesson", "..\DxLesson\開発環境\DxLesson.vcxproj", "{BDFC8402-337B-4CEB-AFEE-070D71436F48}"
EndProject
Global
	GlobalSection(SolutionConfigurationPlatforms) = preSolution
		Debug|x64 = Debug|x64
		Debug|x86 = Debug|x86
		Release|x64 = Release|x64
		Release|x86 = Release|x86
	EndGlobalSection
	GlobalSection(ProjectConfigurationPlatforms) = postSolution
		{D7360007-B358-4FCE-B1B8-CA7F77B70DFE}.Debug|x64.ActiveCfg = Debug|x64
		{D7360007-B358-4FCE-B1B8-CA7F77B70DFE}.Debug|x64.Build.0 = Debug|x64
		{D7360007-B358-4FCE-B1B8-CA7F77B70DFE}.Debug|x86.ActiveCfg = Debug|Win32
		{D7360007-B358-4FCE-B1B8-CA7F77B70DFE}.Debug|x86.Build.0 = Debug|Win32
		{D7360007-B358-4FCE-B1B8-CA7F77B70DFE}.Release|x64.ActiveCfg = Release|x64
		{D7360007-B358-4FCE-B1B8-CA7F77B70DFE}.Release|x64.Build.0 = Release|x64
		{D7360007-B358-4FCE-B1B8-CA7F77B70DFE}.Release|x86.ActiveCfg = Release|Win32
		{D7360007-B358-4FCE-B1B8-CA7F77B70DFE}.Release|x86.Build.0 = Release|Win32
		{F74CB818-9CFB-45F2-97C5-48AD3C61B4CE}.Debug|x64.ActiveCfg = Debug|x64
		{F74CB818-9CFB-45F2-97C5-48AD3C61B4CE}.Debug|x64.Build.0 = Debug|x64
		{F74CB818-9CFB-45F2-97C5-48AD3C61B4CE}.Debug|x86.ActiveCfg = Debug|Win32
		{F74CB818-9CFB-45F2-97C5-48AD3C61B4CE}.Debug|x86.Build.0 = Debug|Win32
		{F74CB818-9CFB-45F2-97C5-48AD3C61B4CE}.Release|x64.ActiveCfg = Release|x64
		{F74CB818-9CFB-45F2-97C5-48AD3C61B4CE}.Release|x64.Build.0 = Release|x64
		{F74CB818-9CFB-45F2-97C5-48AD3C61B4CE}.Release|x86.ActiveCfg = Release|Win32
		{F74CB818-9CFB-45F2-97C5-48AD3C61B4CE}.Release|x86.Build.0 = Release|Win32
		{35F2F15B-446C-45A8-B157-24E15BE8A7E7}.Debug|x64.ActiveCfg = Debug|x64
		{35F2F15B-446C-45A8-B157-24E15BE8A7E7}.Debug|x64.Build.0 = Debug|x64
		{35F2F15B-446C-45A8-B157-24E15BE8A7E7}.Debug|x86.ActiveCfg = Debug|Win32
		{35F2F15B-446C-45A8-B157-24E15BE8A7E7}.Debug|x86.Build.0 = Debug|Win32
		{35F2F15B-446C-45A8-B157-24E15BE8A7E7}.Release|x64.ActiveCfg = Release|x64
		{35F2F15B-446C-45A8-B157-24E15BE8A7E7}.Release|x64.Build.0 = Release|x64
		{35F2F15B-446C-45A8-B157-24E15BE8A7E7}.Release|x86.ActiveCfg = Release|Win32
		{35F2F15B-446C-45A8-B157-24E15BE8A7E7}.Release|x86.Build.0 = Release|Win32
		{BDFC8402-337B-4CEB-AFEE-070D71436F48}.Debug|x64.ActiveCfg = Debug|x64
		{BDFC8402-337B-4CEB-AFEE-070D71436F48}.Debug|x64.Build.0 = Debug|x64
		{BDFC8402-337B-4CEB-AFEE-070D71436F48}.Debug|x86.ActiveCfg = Debug|Win32
		{BDFC8402-337B-4CEB-AFEE-070D71436F48}.Debug|x86.Build.0 = Debug|Win32
		{BDFC8402-337B-4CEB-AFEE-070D71436F48}.Release|x64.ActiveCfg = Release|x64
		{BDFC8402-337B-4CEB-AFEE-070D71436F48}.Release|x64.Build.0 = Release|x64
		{BDFC8402-337B-4CEB-AFEE-070D71436F48}.Release|x86.ActiveCfg = Release|Win32
		{BDFC8402-337B-4CEB-AFEE-070D71436F48}.Release|x86.Build.0 = Release|Win32
	EndGlobalSection
	GlobalSection(SolutionProperties) = preSolution
		HideSolutionNode = FALSE
	EndGlobalSection
	GlobalSection(ExtensibilityGlobals) = postSolution
		SolutionGuid = {B4548EB9-389B-464A-BAD7-9DA2CB457AAA}
	EndGlobalSection
EndGlobal
