
Microsoft Visual Studio Solution File, Format Version 12.00
# Visual Studio Version 18
VisualStudioVersion = 18.6.11822.322 stable
MinimumVisualStudioVersion = 10.0.40219.1
Project("{8BC9CEB8-8B4A-11D0-8D11-00A0C91BC942}") = "Robot_Battle", "Robot_Battle.vcxproj", "{F74CB818-9CFB-45F2-97C5-48AD3C61B4CE}"
EndProject
<<<<<<< HEAD
=======
Project("{8BC9CEB8-8B4A-11D0-8D11-00A0C91BC942}") = "StructuralTestProject", "StructuralTestProject\StructuralTestProject.vcxproj", "{F9599B3D-D8C2-4A5A-B820-90AAE4EE6927}"
EndProject
Project("{8BC9CEB8-8B4A-11D0-8D11-00A0C91BC942}") = "dx11_sample", "..\dx11_2DGAME\開発環境\dx11_sample.vcxproj", "{9922C36A-C304-4DAA-83DF-83C73884368F}"
EndProject
Project("{8BC9CEB8-8B4A-11D0-8D11-00A0C91BC942}") = "DrawTest", "DrawTest\DrawTest.vcxproj", "{5C7FD926-6E03-4758-AE6A-E19918AB5A9E}"
EndProject
>>>>>>> origin/Ver00.08.63.Feature_Katou_StateBaseChange
Global
	GlobalSection(SolutionConfigurationPlatforms) = preSolution
		Debug|x64 = Debug|x64
		Debug|x86 = Debug|x86
		Release|x64 = Release|x64
		Release|x86 = Release|x86
	EndGlobalSection
	GlobalSection(ProjectConfigurationPlatforms) = postSolution
		{F74CB818-9CFB-45F2-97C5-48AD3C61B4CE}.Debug|x64.ActiveCfg = Debug|x64
		{F74CB818-9CFB-45F2-97C5-48AD3C61B4CE}.Debug|x64.Build.0 = Debug|x64
		{F74CB818-9CFB-45F2-97C5-48AD3C61B4CE}.Debug|x86.ActiveCfg = Debug|Win32
		{F74CB818-9CFB-45F2-97C5-48AD3C61B4CE}.Debug|x86.Build.0 = Debug|Win32
		{F74CB818-9CFB-45F2-97C5-48AD3C61B4CE}.Release|x64.ActiveCfg = Release|x64
		{F74CB818-9CFB-45F2-97C5-48AD3C61B4CE}.Release|x64.Build.0 = Release|x64
		{F74CB818-9CFB-45F2-97C5-48AD3C61B4CE}.Release|x86.ActiveCfg = Release|Win32
		{F74CB818-9CFB-45F2-97C5-48AD3C61B4CE}.Release|x86.Build.0 = Release|Win32
<<<<<<< HEAD
=======
		{F9599B3D-D8C2-4A5A-B820-90AAE4EE6927}.Debug|x64.ActiveCfg = Debug|x64
		{F9599B3D-D8C2-4A5A-B820-90AAE4EE6927}.Debug|x64.Build.0 = Debug|x64
		{F9599B3D-D8C2-4A5A-B820-90AAE4EE6927}.Debug|x86.ActiveCfg = Debug|Win32
		{F9599B3D-D8C2-4A5A-B820-90AAE4EE6927}.Debug|x86.Build.0 = Debug|Win32
		{F9599B3D-D8C2-4A5A-B820-90AAE4EE6927}.Release|x64.ActiveCfg = Release|x64
		{F9599B3D-D8C2-4A5A-B820-90AAE4EE6927}.Release|x64.Build.0 = Release|x64
		{F9599B3D-D8C2-4A5A-B820-90AAE4EE6927}.Release|x86.ActiveCfg = Release|Win32
		{F9599B3D-D8C2-4A5A-B820-90AAE4EE6927}.Release|x86.Build.0 = Release|Win32
		{9922C36A-C304-4DAA-83DF-83C73884368F}.Debug|x64.ActiveCfg = Debug|x64
		{9922C36A-C304-4DAA-83DF-83C73884368F}.Debug|x64.Build.0 = Debug|x64
		{9922C36A-C304-4DAA-83DF-83C73884368F}.Debug|x86.ActiveCfg = Debug|Win32
		{9922C36A-C304-4DAA-83DF-83C73884368F}.Debug|x86.Build.0 = Debug|Win32
		{9922C36A-C304-4DAA-83DF-83C73884368F}.Release|x64.ActiveCfg = Release|x64
		{9922C36A-C304-4DAA-83DF-83C73884368F}.Release|x64.Build.0 = Release|x64
		{9922C36A-C304-4DAA-83DF-83C73884368F}.Release|x86.ActiveCfg = Release|Win32
		{9922C36A-C304-4DAA-83DF-83C73884368F}.Release|x86.Build.0 = Release|Win32
		{5C7FD926-6E03-4758-AE6A-E19918AB5A9E}.Debug|x64.ActiveCfg = Debug|x64
		{5C7FD926-6E03-4758-AE6A-E19918AB5A9E}.Debug|x64.Build.0 = Debug|x64
		{5C7FD926-6E03-4758-AE6A-E19918AB5A9E}.Debug|x86.ActiveCfg = Debug|Win32
		{5C7FD926-6E03-4758-AE6A-E19918AB5A9E}.Debug|x86.Build.0 = Debug|Win32
		{5C7FD926-6E03-4758-AE6A-E19918AB5A9E}.Release|x64.ActiveCfg = Release|x64
		{5C7FD926-6E03-4758-AE6A-E19918AB5A9E}.Release|x64.Build.0 = Release|x64
		{5C7FD926-6E03-4758-AE6A-E19918AB5A9E}.Release|x86.ActiveCfg = Release|Win32
		{5C7FD926-6E03-4758-AE6A-E19918AB5A9E}.Release|x86.Build.0 = Release|Win32
>>>>>>> origin/Ver00.08.63.Feature_Katou_StateBaseChange
	EndGlobalSection
	GlobalSection(SolutionProperties) = preSolution
		HideSolutionNode = FALSE
	EndGlobalSection
	GlobalSection(ExtensibilityGlobals) = postSolution
		SolutionGuid = {B4548EB9-389B-464A-BAD7-9DA2CB457AAA}
	EndGlobalSection
EndGlobal
