<?xml version="1.0" encoding="utf-8"?>
<Project ToolsVersion="4.0" xmlns="http://schemas.microsoft.com/developer/msbuild/2003">
  <ItemGroup>
    <Filter Include="ソース ファイル">
      <UniqueIdentifier>{4FC737F1-C7A5-4376-A066-2A32D752A2FF}</UniqueIdentifier>
      <Extensions>cpp;c;cc;cxx;c++;cppm;ixx;def;odl;idl;hpj;bat;asm;asmx</Extensions>
    </Filter>
    <Filter Include="ヘッダー ファイル">
      <UniqueIdentifier>{93995380-89BD-4b04-88EB-625FBE52EBFB}</UniqueIdentifier>
      <Extensions>h;hh;hpp;hxx;h++;hm;inl;inc;ipp;xsd</Extensions>
    </Filter>
    <Filter Include="リソース ファイル">
      <UniqueIdentifier>{67DA6AB6-F800-4c08-8B7A-83BB121AAD01}</UniqueIdentifier>
      <Extensions>rc;ico;cur;bmp;dlg;rc2;rct;bin;rgs;gif;jpg;jpeg;jpe;resx;tiff;tif;png;wav;mfcribbon-ms</Extensions>
    </Filter>
    <Filter Include="ヘッダー ファイル\XML">
      <UniqueIdentifier>{7c104fe2-7db3-4a3e-95d4-31e5510148ee}</UniqueIdentifier>
    </Filter>
    <Filter Include="ヘッダー ファイル\Util">
      <UniqueIdentifier>{8ff0a915-d251-4ef1-8301-547bda70188f}</UniqueIdentifier>
    </Filter>
    <Filter Include="ヘッダー ファイル\Struct">
      <UniqueIdentifier>{d8d08d04-168f-4707-a842-37d41e91ad62}</UniqueIdentifier>
    </Filter>
    <Filter Include="ヘッダー ファイル\State">
      <UniqueIdentifier>{64b43600-9ca1-4750-8d79-0ba60fda18be}</UniqueIdentifier>
    </Filter>
    <Filter Include="ヘッダー ファイル\State\Character">
      <UniqueIdentifier>{aeb4eaf9-8246-41b9-9eeb-12167b3b7d75}</UniqueIdentifier>
    </Filter>
    <Filter Include="ヘッダー ファイル\State\UI">
      <UniqueIdentifier>{afbf50bc-e609-4330-87f3-899bd0c9c96a}</UniqueIdentifier>
    </Filter>
    <Filter Include="ヘッダー ファイル\Singleton">
      <UniqueIdentifier>{1961dabb-d2e0-4c19-8878-305c1b8c07c3}</UniqueIdentifier>
    </Filter>
    <Filter Include="ヘッダー ファイル\Object">
      <UniqueIdentifier>{863acca6-3a6d-4214-9a06-3fae25fc7989}</UniqueIdentifier>
    </Filter>
    <Filter Include="ヘッダー ファイル\Object\Attack">
      <UniqueIdentifier>{860e4d2b-0d8d-4d2a-9f40-c89a979e0075}</UniqueIdentifier>
    </Filter>
    <Filter Include="ヘッダー ファイル\Object\Building">
      <UniqueIdentifier>{07a02fca-5304-4f5b-8945-0c3d3522598d}</UniqueIdentifier>
    </Filter>
    <Filter Include="ヘッダー ファイル\Object\Character">
      <UniqueIdentifier>{3bd6ef39-7cab-46e0-b9ae-eda2df7ba516}</UniqueIdentifier>
    </Filter>
    <Filter Include="ヘッダー ファイル\Object\UI">
      <UniqueIdentifier>{cac06023-4fa0-4326-91c3-00ea833c8ec1}</UniqueIdentifier>
    </Filter>
    <Filter Include="ヘッダー ファイル\Model">
      <UniqueIdentifier>{39e2d012-35a6-4d8b-9c5e-5a978223130e}</UniqueIdentifier>
    </Filter>
    <Filter Include="ヘッダー ファイル\Enum">
      <UniqueIdentifier>{3cd554eb-cd46-42fa-ba9a-25912d6f0fee}</UniqueIdentifier>
    </Filter>
    <Filter Include="ソース ファイル\Model">
      <UniqueIdentifier>{f8c9f6c4-3c74-437f-b905-3da42f929428}</UniqueIdentifier>
    </Filter>
    <Filter Include="ソース ファイル\Object">
      <UniqueIdentifier>{17c782b7-3f98-4514-8e09-de4e7ff1ba55}</UniqueIdentifier>
    </Filter>
    <Filter Include="ソース ファイル\Object\Attack">
      <UniqueIdentifier>{73cd4c26-9709-47a4-b027-d09808e3882d}</UniqueIdentifier>
    </Filter>
    <Filter Include="ソース ファイル\Object\Building">
      <UniqueIdentifier>{fdaaece3-afbe-471d-9877-3c8e761735f6}</UniqueIdentifier>
    </Filter>
    <Filter Include="ソース ファイル\Object\Character">
      <UniqueIdentifier>{202934b2-c481-4c17-98a9-ee68d8799f28}</UniqueIdentifier>
    </Filter>
    <Filter Include="ソース ファイル\Object\UI">
      <UniqueIdentifier>{276f5acd-a107-49bf-b69e-899144ec311c}</UniqueIdentifier>
    </Filter>
    <Filter Include="ソース ファイル\Singleton">
      <UniqueIdentifier>{18461140-b680-435e-8105-1bc53d10dcd5}</UniqueIdentifier>
    </Filter>
    <Filter Include="ソース ファイル\State">
      <UniqueIdentifier>{a97ef6f8-0b60-4203-ab4d-523537395e2b}</UniqueIdentifier>
    </Filter>
    <Filter Include="ソース ファイル\State\UI">
      <UniqueIdentifier>{2dff9e73-172a-4063-8c87-27fa7fc12134}</UniqueIdentifier>
    </Filter>
    <Filter Include="ソース ファイル\State\Character">
      <UniqueIdentifier>{01f54a4d-3363-4eb0-8d8f-8d1debe28ca4}</UniqueIdentifier>
    </Filter>
    <Filter Include="ソース ファイル\Struct">
      <UniqueIdentifier>{3a5f515e-6870-4ba1-b5d4-a7b3aa872e3e}</UniqueIdentifier>
    </Filter>
    <Filter Include="ソース ファイル\Util">
      <UniqueIdentifier>{20f7705c-f9ee-4478-93ca-0f68974560b1}</UniqueIdentifier>
    </Filter>
    <Filter Include="ソース ファイル\XML">
      <UniqueIdentifier>{e2f3e4e1-7bfe-44ce-84c9-c69a177e2247}</UniqueIdentifier>
    </Filter>
    <Filter Include="ヘッダー ファイル\Model\ModelsController">
      <UniqueIdentifier>{a1194845-f095-4da9-9526-1744cfd5761c}</UniqueIdentifier>
    </Filter>
    <Filter Include="ソース ファイル\Model\ModelsController">
      <UniqueIdentifier>{7946ba2b-4bf0-41f8-87a5-343394a2b3c1}</UniqueIdentifier>
    </Filter>
    <Filter Include="ヘッダー ファイル\Animation">
      <UniqueIdentifier>{86878003-b208-4604-b2c2-65a13e32d1f1}</UniqueIdentifier>
    </Filter>
    <Filter Include="ソース ファイル\Animation">
      <UniqueIdentifier>{43c643ca-9012-4392-b9d8-0bb854e00d8b}</UniqueIdentifier>
    </Filter>
    <Filter Include="ソース ファイル\Container">
      <UniqueIdentifier>{ad492e9b-2663-406d-a02c-7c63f68c1a7d}</UniqueIdentifier>
    </Filter>
    <Filter Include="ヘッダー ファイル\Container">
      <UniqueIdentifier>{4a99fcc0-cd43-4b07-bc06-8ff800f93506}</UniqueIdentifier>
    </Filter>
    <Filter Include="ヘッダー ファイル\Debug">
      <UniqueIdentifier>{5f48c63c-9acc-4f99-98cd-78fa3a464017}</UniqueIdentifier>
    </Filter>
    <Filter Include="ヘッダー ファイル\Debug\Imgui">
      <UniqueIdentifier>{4579720a-ec43-4da6-9f78-8dfe251ba949}</UniqueIdentifier>
    </Filter>
    <Filter Include="ヘッダー ファイル\Debug\Imgui\backends">
      <UniqueIdentifier>{b218cc94-57e9-417a-a313-67c0ac80cfc5}</UniqueIdentifier>
    </Filter>
    <Filter Include="ソース ファイル\Debug">
      <UniqueIdentifier>{c20fda5c-e547-40ed-9cb0-168600d54f5f}</UniqueIdentifier>
    </Filter>
    <Filter Include="ソース ファイル\Debug\Imgui">
      <UniqueIdentifier>{c3924eea-a8aa-41df-a3fc-5988397b738f}</UniqueIdentifier>
    </Filter>
    <Filter Include="ソース ファイル\Debug\Imgui\backends">
      <UniqueIdentifier>{d4b78ff0-c44c-4c00-906b-7d6519d00260}</UniqueIdentifier>
    </Filter>
  </ItemGroup>
  <ItemGroup>
    <ClCompile Include="Source\Animation\AnimationBase.cpp">
      <Filter>ソース ファイル\Animation</Filter>
    </ClCompile>
    <ClCompile Include="Imgui\imgui.cpp">
      <Filter>ソース ファイル\Debug\Imgui</Filter>
    </ClCompile>
    <ClCompile Include="Imgui\imgui_demo.cpp">
      <Filter>ソース ファイル\Debug\Imgui</Filter>
    </ClCompile>
    <ClCompile Include="Imgui\imgui_draw.cpp">
      <Filter>ソース ファイル\Debug\Imgui</Filter>
    </ClCompile>
    <ClCompile Include="Imgui\imgui_tables.cpp">
      <Filter>ソース ファイル\Debug\Imgui</Filter>
    </ClCompile>
    <ClCompile Include="Imgui\imgui_widgets.cpp">
      <Filter>ソース ファイル\Debug\Imgui</Filter>
    </ClCompile>
    <ClCompile Include="Imgui\backends\imgui_impl_dx11.cpp">
      <Filter>ソース ファイル\Debug\Imgui\backends</Filter>
    </ClCompile>
    <ClCompile Include="Imgui\backends\imgui_impl_win32.cpp">
      <Filter>ソース ファイル\Debug\Imgui\backends</Filter>
    </ClCompile>
    <ClCompile Include="Source\Model\ModelBase.cpp">
      <Filter>ソース ファイル\Model</Filter>
    </ClCompile>
    <ClCompile Include="Source\Model\ModelEffect.cpp">
      <Filter>ソース ファイル\Model</Filter>
    </ClCompile>
    <ClCompile Include="Source\Model\ModelGraph.cpp">
      <Filter>ソース ファイル\Model</Filter>
    </ClCompile>
    <ClCompile Include="Source\Model\ModelMap.cpp">
      <Filter>ソース ファイル\Model</Filter>
    </ClCompile>
    <ClCompile Include="Source\Model\ModelMovie.cpp">
      <Filter>ソース ファイル\Model</Filter>
    </ClCompile>
    <ClCompile Include="Source\Model\ModelMV1.cpp">
      <Filter>ソース ファイル\Model</Filter>
    </ClCompile>
    <ClCompile Include="Source\Model\ModelPolygonIndexed.cpp">
      <Filter>ソース ファイル\Model</Filter>
    </ClCompile>
    <ClCompile Include="Source\Model\ModelsController\ModelsControllerBase.cpp">
      <Filter>ソース ファイル\Model\ModelsController</Filter>
    </ClCompile>
    <ClCompile Include="Source\Object\ObjectBases.cpp">
      <Filter>ソース ファイル\Object</Filter>
    </ClCompile>
    <ClCompile Include="Source\Object\Attack\Attack_RobotSpceial.cpp">
      <Filter>ソース ファイル\Object\Attack</Filter>
    </ClCompile>
    <ClCompile Include="Source\Object\Attack\Attack_Shot.cpp">
      <Filter>ソース ファイル\Object\Attack</Filter>
    </ClCompile>
    <ClCompile Include="Source\Object\Building\Building_Wall.cpp">
      <Filter>ソース ファイル\Object\Building</Filter>
    </ClCompile>
    <ClCompile Include="Source\Object\Character\Character_Map.cpp">
      <Filter>ソース ファイル\Object\Character</Filter>
    </ClCompile>
    <ClCompile Include="Source\Object\Character\Character_Shot.cpp">
      <Filter>ソース ファイル\Object\Character</Filter>
    </ClCompile>
    <ClCompile Include="Source\Object\UI\UI_Game.cpp">
      <Filter>ソース ファイル\Object\UI</Filter>
    </ClCompile>
    <ClCompile Include="Source\Object\UI\UI_Result.cpp">
      <Filter>ソース ファイル\Object\UI</Filter>
    </ClCompile>
    <ClCompile Include="Source\Object\UI\UI_Title.cpp">
      <Filter>ソース ファイル\Object\UI</Filter>
    </ClCompile>
    <ClCompile Include="Source\Singleton\AttackManager.cpp">
      <Filter>ソース ファイル\Singleton</Filter>
    </ClCompile>
    <ClCompile Include="Source\Singleton\CameraManager.cpp">
      <Filter>ソース ファイル\Singleton</Filter>
    </ClCompile>
    <ClCompile Include="Source\Singleton\CollisionManager.cpp">
      <Filter>ソース ファイル\Singleton</Filter>
    </ClCompile>
    <ClCompile Include="Source\Singleton\DataManager.cpp">
      <Filter>ソース ファイル\Singleton</Filter>
    </ClCompile>
    <ClCompile Include="Source\Singleton\EndManager.cpp">
      <Filter>ソース ファイル\Singleton</Filter>
    </ClCompile>
    <ClCompile Include="Source\Singleton\FadeManager.cpp">
      <Filter>ソース ファイル\Singleton</Filter>
    </ClCompile>
    <ClCompile Include="Source\Singleton\GameManager.cpp">
      <Filter>ソース ファイル\Singleton</Filter>
    </ClCompile>
    <ClCompile Include="Source\Singleton\ImguiManager.cpp">
      <Filter>ソース ファイル\Singleton</Filter>
    </ClCompile>
    <ClCompile Include="Source\Singleton\KeyState.cpp">
      <Filter>ソース ファイル\Singleton</Filter>
    </ClCompile>
    <ClCompile Include="Source\Singleton\LoadingManager.cpp">
      <Filter>ソース ファイル\Singleton</Filter>
    </ClCompile>
    <ClCompile Include="Source\Singleton\MapManager.cpp">
      <Filter>ソース ファイル\Singleton</Filter>
    </ClCompile>
    <ClCompile Include="Source\Singleton\Master.cpp">
      <Filter>ソース ファイル\Singleton</Filter>
    </ClCompile>
    <ClCompile Include="Source\Singleton\ObjectManager.cpp">
      <Filter>ソース ファイル\Singleton</Filter>
    </ClCompile>
    <ClCompile Include="Source\Singleton\ResourceManager.cpp">
      <Filter>ソース ファイル\Singleton</Filter>
    </ClCompile>
    <ClCompile Include="Source\Singleton\SceneManager.cpp">
      <Filter>ソース ファイル\Singleton</Filter>
    </ClCompile>
    <ClCompile Include="Source\Singleton\StopManager.cpp">
      <Filter>ソース ファイル\Singleton</Filter>
    </ClCompile>
    <ClCompile Include="Source\Singleton\TargetManager.cpp">
      <Filter>ソース ファイル\Singleton</Filter>
    </ClCompile>
    <ClCompile Include="Source\Singleton\TimeManager.cpp">
      <Filter>ソース ファイル\Singleton</Filter>
    </ClCompile>
    <ClCompile Include="Source\State\FSM.cpp">
      <Filter>ソース ファイル\State</Filter>
    </ClCompile>
    <ClCompile Include="Source\State\StateAnimation.cpp">
      <Filter>ソース ファイル\State</Filter>
    </ClCompile>
    <ClCompile Include="Source\State\StateAnimationController.cpp">
      <Filter>ソース ファイル\State</Filter>
    </ClCompile>
    <ClCompile Include="Source\State\StateBase.cpp">
      <Filter>ソース ファイル\State</Filter>
    </ClCompile>
    <ClCompile Include="Source\State\StateCamera.cpp">
      <Filter>ソース ファイル\State</Filter>
    </ClCompile>
    <ClCompile Include="Source\State\StateScene.cpp">
      <Filter>ソース ファイル\State</Filter>
    </ClCompile>
    <ClCompile Include="Source\State\Character\StatePlayer.cpp">
      <Filter>ソース ファイル\State\Character</Filter>
    </ClCompile>
    <ClCompile Include="Source\State\Character\StateEnemy.cpp">
      <Filter>ソース ファイル\State\Character</Filter>
    </ClCompile>
    <ClCompile Include="Source\State\Character\StateMapEnemy.cpp">
      <Filter>ソース ファイル\State\Character</Filter>
    </ClCompile>
    <ClCompile Include="Source\State\UI\StateGameUI.cpp">
      <Filter>ソース ファイル\State\UI</Filter>
    </ClCompile>
    <ClCompile Include="Source\State\UI\StateResultUI.cpp">
      <Filter>ソース ファイル\State\UI</Filter>
    </ClCompile>
    <ClCompile Include="Source\State\UI\StateTitleUI.cpp">
      <Filter>ソース ファイル\State\UI</Filter>
    </ClCompile>
    <ClCompile Include="Source\Struct\CameraData.cpp">
      <Filter>ソース ファイル\Struct</Filter>
    </ClCompile>
    <ClCompile Include="Source\Struct\CollisionData.cpp">
      <Filter>ソース ファイル\Struct</Filter>
    </ClCompile>
    <ClCompile Include="Source\Struct\ResourceData.cpp">
      <Filter>ソース ファイル\Struct</Filter>
    </ClCompile>
    <ClCompile Include="Source\Struct\TargetData.cpp">
      <Filter>ソース ファイル\Struct</Filter>
    </ClCompile>
    <ClCompile Include="Source\Struct\TileData.cpp">
      <Filter>ソース ファイル\Struct</Filter>
    </ClCompile>
    <ClCompile Include="Source\Util\UtilCalc.cpp">
      <Filter>ソース ファイル\Util</Filter>
    </ClCompile>
    <ClCompile Include="Source\Util\UtilChange.cpp">
      <Filter>ソース ファイル\Util</Filter>
    </ClCompile>
    <ClCompile Include="Source\Util\UtilFactorys.cpp">
      <Filter>ソース ファイル\Util</Filter>
    </ClCompile>
    <ClCompile Include="XML_Excel\XmlArrange.cpp">
      <Filter>ソース ファイル\XML</Filter>
    </ClCompile>
    <ClCompile Include="Source\Main.cpp">
      <Filter>ソース ファイル</Filter>
    </ClCompile>
    <ClCompile Include="Source\Singleton\TelopManager.cpp">
      <Filter>ソース ファイル\Singleton</Filter>
    </ClCompile>
    <ClCompile Include="Source\Struct\Coin.cpp">
      <Filter>ソース ファイル\Struct</Filter>
    </ClCompile>
    <ClCompile Include="Source\Singleton\DotWeenManager.cpp">
      <Filter>ソース ファイル\Singleton</Filter>
    </ClCompile>
    <ClCompile Include="Source\State\StateDotWeen.cpp">
      <Filter>ソース ファイル\State</Filter>
    </ClCompile>
    <ClCompile Include="Source\State\Character\EnemyCommonProcessing.cpp">
      <Filter>ソース ファイル\State\Character</Filter>
    </ClCompile>
    <ClCompile Include="Source\Singleton\DrawManager.cpp">
      <Filter>ソース ファイル\Singleton</Filter>
    </ClCompile>
    <ClCompile Include="Source\Util\UtilFileLoading.cpp">
      <Filter>ソース ファイル\Util</Filter>
    </ClCompile>
    <ClCompile Include="Source\State\UI\StateConfigUi.cpp">
      <Filter>ソース ファイル\State\UI</Filter>
    </ClCompile>
    <ClCompile Include="Source\Struct\GameDatas.cpp">
      <Filter>ソース ファイル\Struct</Filter>
    </ClCompile>
    <ClCompile Include="Source\DebugLogs\DebugLog.cpp">
      <Filter>ソース ファイル\Debug</Filter>
    </ClCompile>
    <ClCompile Include="Source\Object\UI\UI_StageStart.cpp">
      <Filter>ソース ファイル\Object\UI</Filter>
    </ClCompile>
    <ClCompile Include="Source\State\Character\StateCharacter_Robot.cpp">
      <Filter>ソース ファイル\State\Character</Filter>
    </ClCompile>
    <ClCompile Include="Source\Object\Attack\Attack_RobotJump.cpp">
      <Filter>ソース ファイル\Object\Attack</Filter>
    </ClCompile>
    <ClCompile Include="Source\Singleton\StageDataManager.cpp">
      <Filter>ソース ファイル\Singleton</Filter>
    </ClCompile>
    <ClCompile Include="Source\Singleton\SoundManager.cpp">
      <Filter>ソース ファイル\Singleton</Filter>
    </ClCompile>
    <ClCompile Include="Source\Object\UI\UI_GameClear.cpp">
      <Filter>ソース ファイル\Object\UI</Filter>
    </ClCompile>
    <ClCompile Include="Source\Singleton\ThreadManager.cpp">
      <Filter>ソース ファイル\Singleton</Filter>
    </ClCompile>
    <ClCompile Include="Source\Util\UtilStateConditionFunction.cpp">
      <Filter>ソース ファイル\Util</Filter>
    </ClCompile>
  </ItemGroup>
  <ItemGroup>
    <ClInclude Include="Source\Animation\AnimationBase.h">
      <Filter>ヘッダー ファイル\Animation</Filter>
    </ClInclude>
    <ClInclude Include="Source\Enum\AnimationEnum.h">
      <Filter>ヘッダー ファイル\Enum</Filter>
    </ClInclude>
    <ClInclude Include="Source\Enum\AttackEnum.h">
      <Filter>ヘッダー ファイル\Enum</Filter>
    </ClInclude>
    <ClInclude Include="Source\Enum\CharacterEnum.h">
      <Filter>ヘッダー ファイル\Enum</Filter>
    </ClInclude>
    <ClInclude Include="Source\Enum\ResourceEnum.h">
      <Filter>ヘッダー ファイル\Enum</Filter>
    </ClInclude>
    <ClInclude Include="Source\Enum\SceneEnum.h">
      <Filter>ヘッダー ファイル\Enum</Filter>
    </ClInclude>
    <ClInclude Include="Imgui\imconfig.h">
      <Filter>ヘッダー ファイル\Debug\Imgui</Filter>
    </ClInclude>
    <ClInclude Include="Imgui\imgui.h">
      <Filter>ヘッダー ファイル\Debug\Imgui</Filter>
    </ClInclude>
    <ClInclude Include="Imgui\imgui_internal.h">
      <Filter>ヘッダー ファイル\Debug\Imgui</Filter>
    </ClInclude>
    <ClInclude Include="Imgui\imstb_rectpack.h">
      <Filter>ヘッダー ファイル\Debug\Imgui</Filter>
    </ClInclude>
    <ClInclude Include="Imgui\imstb_textedit.h">
      <Filter>ヘッダー ファイル\Debug\Imgui</Filter>
    </ClInclude>
    <ClInclude Include="Imgui\imstb_truetype.h">
      <Filter>ヘッダー ファイル\Debug\Imgui</Filter>
    </ClInclude>
    <ClInclude Include="Imgui\backends\imgui_impl_dx11.h">
      <Filter>ヘッダー ファイル\Debug\Imgui\backends</Filter>
    </ClInclude>
    <ClInclude Include="Imgui\backends\imgui_impl_win32.h">
      <Filter>ヘッダー ファイル\Debug\Imgui\backends</Filter>
    </ClInclude>
    <ClInclude Include="Source\Model\ModelBase.h">
      <Filter>ヘッダー ファイル\Model</Filter>
    </ClInclude>
    <ClInclude Include="Source\Model\ModelEffect.h">
      <Filter>ヘッダー ファイル\Model</Filter>
    </ClInclude>
    <ClInclude Include="Source\Model\ModelGraph.h">
      <Filter>ヘッダー ファイル\Model</Filter>
    </ClInclude>
    <ClInclude Include="Source\Model\ModelMap.h">
      <Filter>ヘッダー ファイル\Model</Filter>
    </ClInclude>
    <ClInclude Include="Source\Model\ModelMovie.h">
      <Filter>ヘッダー ファイル\Model</Filter>
    </ClInclude>
    <ClInclude Include="Source\Model\ModelMV1.h">
      <Filter>ヘッダー ファイル\Model</Filter>
    </ClInclude>
    <ClInclude Include="Source\Model\ModelPolygonIndexed.h">
      <Filter>ヘッダー ファイル\Model</Filter>
    </ClInclude>
    <ClInclude Include="Source\Model\ModelsController\ModelsControllerBase.h">
      <Filter>ヘッダー ファイル\Model\ModelsController</Filter>
    </ClInclude>
    <ClInclude Include="Source\Object\ObjectBases.h">
      <Filter>ヘッダー ファイル\Object</Filter>
    </ClInclude>
    <ClInclude Include="Source\Object\Attack\Attack_RobotSpceial.h">
      <Filter>ヘッダー ファイル\Object\Attack</Filter>
    </ClInclude>
    <ClInclude Include="Source\Object\Attack\Attack_Shot.h">
      <Filter>ヘッダー ファイル\Object\Attack</Filter>
    </ClInclude>
    <ClInclude Include="Source\Object\Building\Building_Wall.h">
      <Filter>ヘッダー ファイル\Object\Building</Filter>
    </ClInclude>
    <ClInclude Include="Source\Object\Character\Character_Map.h">
      <Filter>ヘッダー ファイル\Object\Character</Filter>
    </ClInclude>
    <ClInclude Include="Source\Object\Character\Character_Shot.h">
      <Filter>ヘッダー ファイル\Object\Character</Filter>
    </ClInclude>
    <ClInclude Include="Source\Object\UI\UI_Check.h">
      <Filter>ヘッダー ファイル\Object\UI</Filter>
    </ClInclude>
    <ClInclude Include="Source\Object\UI\UI_Game.h">
      <Filter>ヘッダー ファイル\Object\UI</Filter>
    </ClInclude>
    <ClInclude Include="Source\Object\UI\UI_Result.h">
      <Filter>ヘッダー ファイル\Object\UI</Filter>
    </ClInclude>
    <ClInclude Include="Source\Object\UI\UI_Title.h">
      <Filter>ヘッダー ファイル\Object\UI</Filter>
    </ClInclude>
    <ClInclude Include="Source\Singleton\AttackManager.h">
      <Filter>ヘッダー ファイル\Singleton</Filter>
    </ClInclude>
    <ClInclude Include="Source\Singleton\CameraManager.h">
      <Filter>ヘッダー ファイル\Singleton</Filter>
    </ClInclude>
    <ClInclude Include="Source\Singleton\CollisionManager.h">
      <Filter>ヘッダー ファイル\Singleton</Filter>
    </ClInclude>
    <ClInclude Include="Source\Singleton\DataManager.h">
      <Filter>ヘッダー ファイル\Singleton</Filter>
    </ClInclude>
    <ClInclude Include="Source\Singleton\EndManager.h">
      <Filter>ヘッダー ファイル\Singleton</Filter>
    </ClInclude>
    <ClInclude Include="Source\Singleton\FadeManager.h">
      <Filter>ヘッダー ファイル\Singleton</Filter>
    </ClInclude>
    <ClInclude Include="Source\Singleton\GameManager.h">
      <Filter>ヘッダー ファイル\Singleton</Filter>
    </ClInclude>
    <ClInclude Include="Source\Singleton\ImguiManager.h">
      <Filter>ヘッダー ファイル\Singleton</Filter>
    </ClInclude>
    <ClInclude Include="Source\Singleton\KeyState.h">
      <Filter>ヘッダー ファイル\Singleton</Filter>
    </ClInclude>
    <ClInclude Include="Source\Singleton\LoadingManager.h">
      <Filter>ヘッダー ファイル\Singleton</Filter>
    </ClInclude>
    <ClInclude Include="Source\Singleton\MapManager.h">
      <Filter>ヘッダー ファイル\Singleton</Filter>
    </ClInclude>
    <ClInclude Include="Source\Singleton\Master.h">
      <Filter>ヘッダー ファイル\Singleton</Filter>
    </ClInclude>
    <ClInclude Include="Source\Singleton\ObjectManager.h">
      <Filter>ヘッダー ファイル\Singleton</Filter>
    </ClInclude>
    <ClInclude Include="Source\Singleton\ResourceManager.h">
      <Filter>ヘッダー ファイル\Singleton</Filter>
    </ClInclude>
    <ClInclude Include="Source\Singleton\SceneManager.h">
      <Filter>ヘッダー ファイル\Singleton</Filter>
    </ClInclude>
    <ClInclude Include="Source\Singleton\StopManager.h">
      <Filter>ヘッダー ファイル\Singleton</Filter>
    </ClInclude>
    <ClInclude Include="Source\Singleton\TargetManager.h">
      <Filter>ヘッダー ファイル\Singleton</Filter>
    </ClInclude>
    <ClInclude Include="Source\Singleton\TimeManager.h">
      <Filter>ヘッダー ファイル\Singleton</Filter>
    </ClInclude>
    <ClInclude Include="Source\State\FSM.h">
      <Filter>ヘッダー ファイル\State</Filter>
    </ClInclude>
    <ClInclude Include="Source\State\StateAnimation.h">
      <Filter>ヘッダー ファイル\State</Filter>
    </ClInclude>
    <ClInclude Include="Source\State\StateAnimationController.h">
      <Filter>ヘッダー ファイル\State</Filter>
    </ClInclude>
    <ClInclude Include="Source\State\StateBase.h">
      <Filter>ヘッダー ファイル\State</Filter>
    </ClInclude>
    <ClInclude Include="Source\State\StateCamera.h">
      <Filter>ヘッダー ファイル\State</Filter>
    </ClInclude>
    <ClInclude Include="Source\State\StateScene.h">
      <Filter>ヘッダー ファイル\State</Filter>
    </ClInclude>
    <ClInclude Include="Source\State\Character\StateEnemy.h">
      <Filter>ヘッダー ファイル\State\Character</Filter>
    </ClInclude>
    <ClInclude Include="Source\State\Character\StateMapEnemy.h">
      <Filter>ヘッダー ファイル\State\Character</Filter>
    </ClInclude>
    <ClInclude Include="Source\State\Character\StatePlayer.h">
      <Filter>ヘッダー ファイル\State\Character</Filter>
    </ClInclude>
    <ClInclude Include="Source\State\UI\StateGameUI.h">
      <Filter>ヘッダー ファイル\State\UI</Filter>
    </ClInclude>
    <ClInclude Include="Source\State\UI\StateResultUI.h">
      <Filter>ヘッダー ファイル\State\UI</Filter>
    </ClInclude>
    <ClInclude Include="Source\State\UI\StateTitleUI.h">
      <Filter>ヘッダー ファイル\State\UI</Filter>
    </ClInclude>
    <ClInclude Include="Source\Struct\AnimationData.h">
      <Filter>ヘッダー ファイル\Struct</Filter>
    </ClInclude>
    <ClInclude Include="Source\Struct\AttackData.h">
      <Filter>ヘッダー ファイル\Struct</Filter>
    </ClInclude>
    <ClInclude Include="Source\Struct\BitFlag.h">
      <Filter>ヘッダー ファイル\Struct</Filter>
    </ClInclude>
    <ClInclude Include="Source\Struct\CameraData.h">
      <Filter>ヘッダー ファイル\Struct</Filter>
    </ClInclude>
    <ClInclude Include="Source\Struct\CollisionData.h">
      <Filter>ヘッダー ファイル\Struct</Filter>
    </ClInclude>
    <ClInclude Include="Source\Struct\GameDatas.h">
      <Filter>ヘッダー ファイル\Struct</Filter>
    </ClInclude>
    <ClInclude Include="Source\Struct\ResourceData.h">
      <Filter>ヘッダー ファイル\Struct</Filter>
    </ClInclude>
    <ClInclude Include="Source\Struct\Status.h">
      <Filter>ヘッダー ファイル\Struct</Filter>
    </ClInclude>
    <ClInclude Include="Source\Struct\TargetData.h">
      <Filter>ヘッダー ファイル\Struct</Filter>
    </ClInclude>
    <ClInclude Include="Source\Struct\TileData.h">
      <Filter>ヘッダー ファイル\Struct</Filter>
    </ClInclude>
    <ClInclude Include="Source\Struct\Vector2.h">
      <Filter>ヘッダー ファイル\Struct</Filter>
    </ClInclude>
    <ClInclude Include="Source\Util\UtilCalc.h">
      <Filter>ヘッダー ファイル\Util</Filter>
    </ClInclude>
    <ClInclude Include="Source\Util\UtilChange.h">
      <Filter>ヘッダー ファイル\Util</Filter>
    </ClInclude>
    <ClInclude Include="Source\Util\UtilFactorys.h">
      <Filter>ヘッダー ファイル\Util</Filter>
    </ClInclude>
    <ClInclude Include="XML_Excel\XmlArrange.h">
      <Filter>ヘッダー ファイル\XML</Filter>
    </ClInclude>
    <ClInclude Include="Source\Singleton\TelopManager.h">
      <Filter>ヘッダー ファイル\Singleton</Filter>
    </ClInclude>
    <ClInclude Include="Source\Struct\TelopData.h">
      <Filter>ヘッダー ファイル\Struct</Filter>
    </ClInclude>
    <ClInclude Include="Source\Enum\TelopEnum.h">
      <Filter>ヘッダー ファイル\Enum</Filter>
    </ClInclude>
    <ClInclude Include="Source\Container\HandleContainer.h">
      <Filter>ヘッダー ファイル\Container</Filter>
    </ClInclude>
    <ClInclude Include="Source\Struct\ImguiData.h">
      <Filter>ヘッダー ファイル\Struct</Filter>
    </ClInclude>
    <ClInclude Include="Source\Enum\ImguiEnum.h">
      <Filter>ヘッダー ファイル\Enum</Filter>
    </ClInclude>
    <ClInclude Include="Source\Enum\GameDataEnum.h">
      <Filter>ヘッダー ファイル\Enum</Filter>
    </ClInclude>
    <ClInclude Include="Source\Struct\Coin.h">
      <Filter>ヘッダー ファイル\Struct</Filter>
    </ClInclude>
    <ClInclude Include="Source\Singleton\DotWeenManager.h">
      <Filter>ヘッダー ファイル\Singleton</Filter>
    </ClInclude>
    <ClInclude Include="Source\Struct\DotWeenData.h">
      <Filter>ヘッダー ファイル\Struct</Filter>
    </ClInclude>
    <ClInclude Include="Source\Enum\DotWeenEnum.h">
      <Filter>ヘッダー ファイル\Enum</Filter>
    </ClInclude>
    <ClInclude Include="Source\Enum\DirectionEnum.h">
      <Filter>ヘッダー ファイル\Enum</Filter>
    </ClInclude>
    <ClInclude Include="Source\State\StateDotWeen.h">
      <Filter>ヘッダー ファイル\State</Filter>
    </ClInclude>
    <ClInclude Include="Source\State\Character\EnemyCommonProcessing.h">
      <Filter>ヘッダー ファイル\State\Character</Filter>
    </ClInclude>
    <ClInclude Include="Source\Singleton\DrawManager.h">
      <Filter>ヘッダー ファイル\Singleton</Filter>
    </ClInclude>
    <ClInclude Include="Source\Struct\MiniMapData.h">
      <Filter>ヘッダー ファイル\Struct</Filter>
    </ClInclude>
    <ClInclude Include="Source\Util\UtilFileLoading.h">
      <Filter>ヘッダー ファイル\Util</Filter>
    </ClInclude>
    <ClInclude Include="Source\Struct\FileLoadingData.h">
      <Filter>ヘッダー ファイル\Struct</Filter>
    </ClInclude>
    <ClInclude Include="Source\State\UI\StateConfigUi.h">
      <Filter>ヘッダー ファイル\State\UI</Filter>
    </ClInclude>
    <ClInclude Include="Source\Struct\DrawData.h">
      <Filter>ヘッダー ファイル\Struct</Filter>
    </ClInclude>
    <ClInclude Include="Source\Enum\GenericEnum.h">
      <Filter>ヘッダー ファイル\Enum</Filter>
    </ClInclude>
    <ClInclude Include="Source\DebugLogs\DebugLog.h">
      <Filter>ヘッダー ファイル\Debug</Filter>
    </ClInclude>
    <ClInclude Include="Source\Object\UI\UI_StageStart.h">
      <Filter>ヘッダー ファイル\Object\UI</Filter>
    </ClInclude>
    <ClInclude Include="Source\State\Character\StateCharacter_Robot.h">
      <Filter>ヘッダー ファイル\State\Character</Filter>
    </ClInclude>
    <ClInclude Include="Source\Object\Attack\Attack_RobotJump.h">
      <Filter>ヘッダー ファイル\Object\Attack</Filter>
    </ClInclude>
    <ClInclude Include="Source\Singleton\StageDataManager.h">
      <Filter>ヘッダー ファイル\Singleton</Filter>
    </ClInclude>
    <ClInclude Include="Source\Singleton\SoundManager.h">
      <Filter>ヘッダー ファイル\Singleton</Filter>
    </ClInclude>
    <ClInclude Include="Source\Object\UI\UI_GameClear.h">
      <Filter>ヘッダー ファイル\Object\UI</Filter>
    </ClInclude>
    <ClInclude Include="Source\Struct\TimeData.h">
      <Filter>ヘッダー ファイル\Struct</Filter>
    </ClInclude>
    <ClInclude Include="Source\Singleton\ThreadManager.h">
      <Filter>ヘッダー ファイル\Singleton</Filter>
    </ClInclude>
    <ClInclude Include="Source\Util\UtilStateConditionFunction.h">
      <Filter>ヘッダー ファイル\Util</Filter>
    </ClInclude>
    <ClInclude Include="Source\Struct\StateData.h">
      <Filter>ヘッダー ファイル\Struct</Filter>
    </ClInclude>
    <ClInclude Include="Source\Enum\StateEnum.h">
      <Filter>ヘッダー ファイル\Enum</Filter>
    </ClInclude>
  </ItemGroup>
  <ItemGroup>
    <Text Include="Text\Terms.txt">
      <Filter>リソース ファイル</Filter>
    </Text>
  </ItemGroup>
</Project>